
Microsoft Visual Studio Solution File, Format Version 12.00
# Visual Studio Version 16
VisualStudioVersion = 16.0.33529.622
MinimumVisualStudioVersion = 10.0.40219.1
Project("{F184B08F-C81C-45F6-A57F-5ABD9991F28F}") = "P3_4", "P3_4\P3_4.vbproj", "{4FED67D2-77A6-465D-BD76-B77B945518EE}"
EndProject
Global
	GlobalSection(SolutionConfigurationPlatforms) = preSolution
		Debug|Any CPU = Debug|Any CPU
		Release|Any CPU = Release|Any CPU
	EndGlobalSection
	GlobalSection(ProjectConfigurationPlatforms) = postSolution
		{4FED67D2-77A6-465D-BD76-B77B945518EE}.Debug|Any CPU.ActiveCfg = Debug|Any CPU
		{4FED67D2-77A6-465D-BD76-B77B945518EE}.Debug|Any CPU.Build.0 = Debug|Any CPU
		{4FED67D2-77A6-465D-BD76-B77B945518EE}.Release|Any CPU.ActiveCfg = Release|Any CPU
		{4FED67D2-77A6-465D-BD76-B77B945518EE}.Release|Any CPU.Build.0 = Release|Any CPU
	EndGlobalSection
	GlobalSection(SolutionProperties) = preSolution
		HideSolutionNode = FALSE
	EndGlobalSection
	GlobalSection(ExtensibilityGlobals) = postSolution
		SolutionGuid = {44A024A5-BC4E-4993-80B6-DB15BFF63CE4}
	EndGlobalSection
EndGlobal
